# This file is automatically @generated by Poetry 1.7.1 and should not be changed by hand.

[[package]]
name = "adafruit-dht"
version = "1.4.0"
description = "Library to get readings from the DHT11, DHT22, and AM2302 humidity and temperature sensors on a Raspberry Pi or Beaglebone Black."
optional = false
python-versions = "*"
files = [
    {file = "Adafruit_DHT-1.4.0.tar.gz", hash = "sha256:e927f2232eff5335cb9d8a2cca6dcad4625e61f205b12e31ef04198ea6dec830"},
]

[metadata]
lock-version = "2.0"
python-versions = "^3.10"
content-hash = "9f140f3f9d9ae4ad62623ddf5654e38ae87789feb5e6e194264f61889404a03d"
